
Microsoft Visual Studio Solution File, Format Version 12.00
# Visual Studio Version 16
VisualStudioVersion = 16.0.31410.357
MinimumVisualStudioVersion = 10.0.40219.1
Project("{FAE04EC0-301F-11D3-BF4B-00C04F79EFBC}") = "Hashing", "Hashing\Hashing.csproj", "{C59DBC7A-C299-4600-BBBB-5B849DCDE3C2}"
EndProject
Global
	GlobalSection(SolutionConfigurationPlatforms) = preSolution
		Debug|Any CPU = Debug|Any CPU
		Release|Any CPU = Release|Any CPU
	EndGlobalSection
	GlobalSection(ProjectConfigurationPlatforms) = postSolution
		{C59DBC7A-C299-4600-BBBB-5B849DCDE3C2}.Debug|Any CPU.ActiveCfg = Debug|Any CPU
		{C59DBC7A-C299-4600-BBBB-5B849DCDE3C2}.Debug|Any CPU.Build.0 = Debug|Any CPU
		{C59DBC7A-C299-4600-BBBB-5B849DCDE3C2}.Release|Any CPU.ActiveCfg = Release|Any CPU
		{C59DBC7A-C299-4600-BBBB-5B849DCDE3C2}.Release|Any CPU.Build.0 = Release|Any CPU
	EndGlobalSection
	GlobalSection(SolutionProperties) = preSolution
		HideSolutionNode = FALSE
	EndGlobalSection
	GlobalSection(ExtensibilityGlobals) = postSolution
		SolutionGuid = {22754D4D-36EC-4EDC-8954-C673BF265110}
	EndGlobalSection
EndGlobal
